// !$*UTF8*$!
{
	archiveVersion = 1;
	classes = {
	};
	objectVersion = 63;
	objects = {

/* Begin PBXBuildFile section */
		02FAAA76E52FE9C98DFAAFE9 /* OSXQueryEditorApp.swift in Sources */ = {isa = PBXBuildFile; fileRef = A92B317534FA0A02B3E28857 /* OSXQueryEditorApp.swift */; };
		423C0BE52C363290A6D80FEE /* SelectorQueryService.swift in Sources */ = {isa = PBXBuildFile; fileRef = 08F53BE8CD3B7F670458802E /* SelectorQueryService.swift */; };
		44361330CF21FB652A35872C /* OXQHighlightedEditor.swift in Sources */ = {isa = PBXBuildFile; fileRef = 08334996E371667AA90D1551 /* OXQHighlightedEditor.swift */; };
		62D72DDE047D831029F3A67A /* WorkbenchView.swift in Sources */ = {isa = PBXBuildFile; fileRef = F9F9BF95707C57A39FED769D /* WorkbenchView.swift */; };
		6C58C2E11D0DD12C54104BDD /* WorkbenchViewModel.swift in Sources */ = {isa = PBXBuildFile; fileRef = A9420DDF448CB789C0FB014B /* WorkbenchViewModel.swift */; };
		7E4E985407D80DB1B8D00C61 /* OXAActionRuntime.swift in Sources */ = {isa = PBXBuildFile; fileRef = 5820BAA2ED373D206A928699 /* OXAActionRuntime.swift */; };
		9CD021CC54157D224CAD225A /* OXAColorTheme.swift in Sources */ = {isa = PBXBuildFile; fileRef = 1A0238D9BBE95DDE0964D9A4 /* OXAColorTheme.swift */; };
		AA4A04AFA1E2FC3594D408AC /* QueryOverlayManager.swift in Sources */ = {isa = PBXBuildFile; fileRef = CEA837C0EBF599D611142DDD /* QueryOverlayManager.swift */; };
		B3BAB3135D13247F59CD861F /* Assets.xcassets in Resources */ = {isa = PBXBuildFile; fileRef = A54C952AB444198B6797EA7C /* Assets.xcassets */; };
		BBA7E7ECA5618272E40C9A8D /* QueryModels.swift in Sources */ = {isa = PBXBuildFile; fileRef = 39AE83D0AD526CA0176913BE /* QueryModels.swift */; };
		BDA27A67AC03BB56C84B37BE /* OXQColorTheme.swift in Sources */ = {isa = PBXBuildFile; fileRef = 86754DA15F8F3D7A7BCBE2DC /* OXQColorTheme.swift */; };
		C3407898E89DAD00C5AF72E6 /* AXorcist in Frameworks */ = {isa = PBXBuildFile; productRef = 261678F98491B0C0028AE8DB /* AXorcist */; };
		E38FF1CA9A21034B8425D88F /* OXAHighlightedEditor.swift in Sources */ = {isa = PBXBuildFile; fileRef = 4F04443441F86B718E48E498 /* OXAHighlightedEditor.swift */; };
/* End PBXBuildFile section */

/* Begin PBXFileReference section */
		08334996E371667AA90D1551 /* OXQHighlightedEditor.swift */ = {isa = PBXFileReference; lastKnownFileType = sourcecode.swift; path = OXQHighlightedEditor.swift; sourceTree = "<group>"; };
		08F53BE8CD3B7F670458802E /* SelectorQueryService.swift */ = {isa = PBXFileReference; lastKnownFileType = sourcecode.swift; path = SelectorQueryService.swift; sourceTree = "<group>"; };
		1A0238D9BBE95DDE0964D9A4 /* OXAColorTheme.swift */ = {isa = PBXFileReference; lastKnownFileType = sourcecode.swift; path = OXAColorTheme.swift; sourceTree = "<group>"; };
		39AE83D0AD526CA0176913BE /* QueryModels.swift */ = {isa = PBXFileReference; lastKnownFileType = sourcecode.swift; path = QueryModels.swift; sourceTree = "<group>"; };
		4F04443441F86B718E48E498 /* OXAHighlightedEditor.swift */ = {isa = PBXFileReference; lastKnownFileType = sourcecode.swift; path = OXAHighlightedEditor.swift; sourceTree = "<group>"; };
		5820BAA2ED373D206A928699 /* OXAActionRuntime.swift */ = {isa = PBXFileReference; lastKnownFileType = sourcecode.swift; path = OXAActionRuntime.swift; sourceTree = "<group>"; };
		86754DA15F8F3D7A7BCBE2DC /* OXQColorTheme.swift */ = {isa = PBXFileReference; lastKnownFileType = sourcecode.swift; path = OXQColorTheme.swift; sourceTree = "<group>"; };
		A54C952AB444198B6797EA7C /* Assets.xcassets */ = {isa = PBXFileReference; lastKnownFileType = folder.assetcatalog; path = Assets.xcassets; sourceTree = "<group>"; };
		A646915C6A9FBBC82B144438 /* OSXQueryEditor.app */ = {isa = PBXFileReference; explicitFileType = wrapper.application; includeInIndex = 0; path = OSXQueryEditor.app; sourceTree = BUILT_PRODUCTS_DIR; };
		A92B317534FA0A02B3E28857 /* OSXQueryEditorApp.swift */ = {isa = PBXFileReference; lastKnownFileType = sourcecode.swift; path = OSXQueryEditorApp.swift; sourceTree = "<group>"; };
		A9420DDF448CB789C0FB014B /* WorkbenchViewModel.swift */ = {isa = PBXFileReference; lastKnownFileType = sourcecode.swift; path = WorkbenchViewModel.swift; sourceTree = "<group>"; };
		CEA837C0EBF599D611142DDD /* QueryOverlayManager.swift */ = {isa = PBXFileReference; lastKnownFileType = sourcecode.swift; path = QueryOverlayManager.swift; sourceTree = "<group>"; };
		F9F9BF95707C57A39FED769D /* WorkbenchView.swift */ = {isa = PBXFileReference; lastKnownFileType = sourcecode.swift; path = WorkbenchView.swift; sourceTree = "<group>"; };
/* End PBXFileReference section */

/* Begin PBXFrameworksBuildPhase section */
		7C55A3B55D0A97DD05131E58 /* Frameworks */ = {
			isa = PBXFrameworksBuildPhase;
			buildActionMask = 2147483647;
			files = (
				C3407898E89DAD00C5AF72E6 /* AXorcist in Frameworks */,
			);
			runOnlyForDeploymentPostprocessing = 0;
		};
/* End PBXFrameworksBuildPhase section */

/* Begin PBXGroup section */
		1B1DD145096C01447A1211A8 = {
			isa = PBXGroup;
			children = (
				6940045B44EC050AA59325E7 /* OSXQueryEditor */,
				A51CBDB2A9ED67592C310E81 /* Products */,
			);
			sourceTree = "<group>";
		};
		49D4E6160500B3A2FD1F9E59 /* Models */ = {
			isa = PBXGroup;
			children = (
				39AE83D0AD526CA0176913BE /* QueryModels.swift */,
			);
			path = Models;
			sourceTree = "<group>";
		};
		5177DF03387FB9595ED8164D /* Services */ = {
			isa = PBXGroup;
			children = (
				5820BAA2ED373D206A928699 /* OXAActionRuntime.swift */,
				1A0238D9BBE95DDE0964D9A4 /* OXAColorTheme.swift */,
				86754DA15F8F3D7A7BCBE2DC /* OXQColorTheme.swift */,
				CEA837C0EBF599D611142DDD /* QueryOverlayManager.swift */,
				08F53BE8CD3B7F670458802E /* SelectorQueryService.swift */,
			);
			path = Services;
			sourceTree = "<group>";
		};
		6940045B44EC050AA59325E7 /* OSXQueryEditor */ = {
			isa = PBXGroup;
			children = (
				A54C952AB444198B6797EA7C /* Assets.xcassets */,
				792400F040DC7202886B530C /* App */,
				49D4E6160500B3A2FD1F9E59 /* Models */,
				5177DF03387FB9595ED8164D /* Services */,
				FD7E2384555D305EAE2BE0B3 /* ViewModels */,
				AAA69498F4F82114EC025E67 /* Views */,
			);
			path = OSXQueryEditor;
			sourceTree = "<group>";
		};
		792400F040DC7202886B530C /* App */ = {
			isa = PBXGroup;
			children = (
				A92B317534FA0A02B3E28857 /* OSXQueryEditorApp.swift */,
			);
			path = App;
			sourceTree = "<group>";
		};
		A51CBDB2A9ED67592C310E81 /* Products */ = {
			isa = PBXGroup;
			children = (
				A646915C6A9FBBC82B144438 /* OSXQueryEditor.app */,
			);
			name = Products;
			sourceTree = "<group>";
		};
		AAA69498F4F82114EC025E67 /* Views */ = {
			isa = PBXGroup;
			children = (
				4F04443441F86B718E48E498 /* OXAHighlightedEditor.swift */,
				08334996E371667AA90D1551 /* OXQHighlightedEditor.swift */,
				F9F9BF95707C57A39FED769D /* WorkbenchView.swift */,
			);
			path = Views;
			sourceTree = "<group>";
		};
		FD7E2384555D305EAE2BE0B3 /* ViewModels */ = {
			isa = PBXGroup;
			children = (
				A9420DDF448CB789C0FB014B /* WorkbenchViewModel.swift */,
			);
			path = ViewModels;
			sourceTree = "<group>";
		};
/* End PBXGroup section */

/* Begin PBXNativeTarget section */
		389DAA5DBC14EF518A552A09 /* OSXQueryEditor */ = {
			isa = PBXNativeTarget;
			buildConfigurationList = 13F82AE092EC1178C08EFD4E /* Build configuration list for PBXNativeTarget "OSXQueryEditor" */;
			buildPhases = (
				7687B727F2FFBA264AE60C20 /* Sources */,
				DAE4E4E2D8DDE93D138EA892 /* Resources */,
				7C55A3B55D0A97DD05131E58 /* Frameworks */,
			);
			buildRules = (
			);
			dependencies = (
			);
			name = OSXQueryEditor;
			packageProductDependencies = (
				261678F98491B0C0028AE8DB /* AXorcist */,
			);
			productName = OSXQueryEditor;
			productReference = A646915C6A9FBBC82B144438 /* OSXQueryEditor.app */;
			productType = "com.apple.product-type.application";
		};
/* End PBXNativeTarget section */

/* Begin PBXProject section */
		DCBDA28658933A9AD1CDE9D9 /* Project object */ = {
			isa = PBXProject;
			attributes = {
				BuildIndependentTargetsInParallel = YES;
				LastUpgradeCheck = 1430;
			};
			buildConfigurationList = 08BA3624F42B9EABA36228B0 /* Build configuration list for PBXProject "OSXQueryEditor" */;
			compatibilityVersion = "Xcode 14.0";
			developmentRegion = en;
			hasScannedForEncodings = 0;
			knownRegions = (
				Base,
				en,
			);
			mainGroup = 1B1DD145096C01447A1211A8;
			minimizedProjectReferenceProxies = 1;
			packageReferences = (
				A9C5D2B724F949F56DD34DF9 /* XCRemoteSwiftPackageReference "OSX-Query" */,
			);
			projectDirPath = "";
			projectRoot = "";
			targets = (
				389DAA5DBC14EF518A552A09 /* OSXQueryEditor */,
			);
		};
/* End PBXProject section */

/* Begin PBXResourcesBuildPhase section */
		DAE4E4E2D8DDE93D138EA892 /* Resources */ = {
			isa = PBXResourcesBuildPhase;
			buildActionMask = 2147483647;
			files = (
				B3BAB3135D13247F59CD861F /* Assets.xcassets in Resources */,
			);
			runOnlyForDeploymentPostprocessing = 0;
		};
/* End PBXResourcesBuildPhase section */

/* Begin PBXSourcesBuildPhase section */
		7687B727F2FFBA264AE60C20 /* Sources */ = {
			isa = PBXSourcesBuildPhase;
			buildActionMask = 2147483647;
			files = (
				02FAAA76E52FE9C98DFAAFE9 /* OSXQueryEditorApp.swift in Sources */,
				7E4E985407D80DB1B8D00C61 /* OXAActionRuntime.swift in Sources */,
				9CD021CC54157D224CAD225A /* OXAColorTheme.swift in Sources */,
				E38FF1CA9A21034B8425D88F /* OXAHighlightedEditor.swift in Sources */,
				BDA27A67AC03BB56C84B37BE /* OXQColorTheme.swift in Sources */,
				44361330CF21FB652A35872C /* OXQHighlightedEditor.swift in Sources */,
				BBA7E7ECA5618272E40C9A8D /* QueryModels.swift in Sources */,
				AA4A04AFA1E2FC3594D408AC /* QueryOverlayManager.swift in Sources */,
				423C0BE52C363290A6D80FEE /* SelectorQueryService.swift in Sources */,
				62D72DDE047D831029F3A67A /* WorkbenchView.swift in Sources */,
				6C58C2E11D0DD12C54104BDD /* WorkbenchViewModel.swift in Sources */,
			);
			runOnlyForDeploymentPostprocessing = 0;
		};
/* End PBXSourcesBuildPhase section */

/* Begin XCBuildConfiguration section */
		01A6436FDD24FB89673D753C /* Debug */ = {
			isa = XCBuildConfiguration;
			buildSettings = {
				ALWAYS_SEARCH_USER_PATHS = NO;
				CLANG_ANALYZER_NONNULL = YES;
				CLANG_ANALYZER_NUMBER_OBJECT_CONVERSION = YES_AGGRESSIVE;
				CLANG_CXX_LANGUAGE_STANDARD = "gnu++14";
				CLANG_CXX_LIBRARY = "libc++";
				CLANG_ENABLE_MODULES = YES;
				CLANG_ENABLE_OBJC_ARC = YES;
				CLANG_ENABLE_OBJC_WEAK = YES;
				CLANG_WARN_BLOCK_CAPTURE_AUTORELEASING = YES;
				CLANG_WARN_BOOL_CONVERSION = YES;
				CLANG_WARN_COMMA = YES;
				CLANG_WARN_CONSTANT_CONVERSION = YES;
				CLANG_WARN_DEPRECATED_OBJC_IMPLEMENTATIONS = YES;
				CLANG_WARN_DIRECT_OBJC_ISA_USAGE = YES_ERROR;
				CLANG_WARN_DOCUMENTATION_COMMENTS = YES;
				CLANG_WARN_EMPTY_BODY = YES;
				CLANG_WARN_ENUM_CONVERSION = YES;
				CLANG_WARN_INFINITE_RECURSION = YES;
				CLANG_WARN_INT_CONVERSION = YES;
				CLANG_WARN_NON_LITERAL_NULL_CONVERSION = YES;
				CLANG_WARN_OBJC_IMPLICIT_RETAIN_SELF = YES;
				CLANG_WARN_OBJC_LITERAL_CONVERSION = YES;
				CLANG_WARN_OBJC_ROOT_CLASS = YES_ERROR;
				CLANG_WARN_QUOTED_INCLUDE_IN_FRAMEWORK_HEADER = YES;
				CLANG_WARN_RANGE_LOOP_ANALYSIS = YES;
				CLANG_WARN_STRICT_PROTOTYPES = YES;
				CLANG_WARN_SUSPICIOUS_MOVE = YES;
				CLANG_WARN_UNGUARDED_AVAILABILITY = YES_AGGRESSIVE;
				CLANG_WARN_UNREACHABLE_CODE = YES;
				CLANG_WARN__DUPLICATE_METHOD_MATCH = YES;
				COPY_PHASE_STRIP = NO;
				DEBUG_INFORMATION_FORMAT = dwarf;
				ENABLE_STRICT_OBJC_MSGSEND = YES;
				ENABLE_TESTABILITY = YES;
				GCC_C_LANGUAGE_STANDARD = gnu11;
				GCC_DYNAMIC_NO_PIC = NO;
				GCC_NO_COMMON_BLOCKS = YES;
				GCC_OPTIMIZATION_LEVEL = 0;
				GCC_PREPROCESSOR_DEFINITIONS = (
					"$(inherited)",
					"DEBUG=1",
				);
				GCC_WARN_64_TO_32_BIT_CONVERSION = YES;
				GCC_WARN_ABOUT_RETURN_TYPE = YES_ERROR;
				GCC_WARN_UNDECLARED_SELECTOR = YES;
				GCC_WARN_UNINITIALIZED_AUTOS = YES_AGGRESSIVE;
				GCC_WARN_UNUSED_FUNCTION = YES;
				GCC_WARN_UNUSED_VARIABLE = YES;
				MACOSX_DEPLOYMENT_TARGET = 14.0;
				MTL_ENABLE_DEBUG_INFO = INCLUDE_SOURCE;
				MTL_FAST_MATH = YES;
				ONLY_ACTIVE_ARCH = YES;
				PRODUCT_NAME = "$(TARGET_NAME)";
				SDKROOT = macosx;
				SWIFT_ACTIVE_COMPILATION_CONDITIONS = DEBUG;
				SWIFT_OPTIMIZATION_LEVEL = "-Onone";
				SWIFT_VERSION = 5.0;
			};
			name = Debug;
		};
		312240E23907007E68C6E5A2 /* Debug */ = {
			isa = XCBuildConfiguration;
			buildSettings = {
				ASSETCATALOG_COMPILER_APPICON_NAME = AppIcon;
				"CODE_SIGN_IDENTITY[sdk=macosx*]" = "Apple Development";
				CODE_SIGN_STYLE = Manual;
				COMBINE_HIDPI_IMAGES = YES;
				DEVELOPMENT_TEAM = "";
				"DEVELOPMENT_TEAM[sdk=macosx*]" = 242F463YCQ;
				GENERATE_INFOPLIST_FILE = YES;
				INFOPLIST_KEY_CFBundleDisplayName = "OSX Query Editor";
				INFOPLIST_KEY_LSApplicationCategoryType = "public.app-category.developer-tools";
				INFOPLIST_KEY_NSHumanReadableCopyright = "";
				LD_RUNPATH_SEARCH_PATHS = (
					"$(inherited)",
					"@executable_path/../Frameworks",
				);
				MACOSX_DEPLOYMENT_TARGET = 14.0;
				PRODUCT_BUNDLE_IDENTIFIER = com.osx.queryeditor;
				PRODUCT_NAME = OSXQueryEditor;
				PROVISIONING_PROFILE_SPECIFIER = "";
				SDKROOT = macosx;
				SWIFT_VERSION = 6.0;
			};
			name = Debug;
		};
		40ADFD38D2B462867F7D2D44 /* Release */ = {
			isa = XCBuildConfiguration;
			buildSettings = {
				ASSETCATALOG_COMPILER_APPICON_NAME = AppIcon;
				"CODE_SIGN_IDENTITY[sdk=macosx*]" = "Developer ID Application";
				CODE_SIGN_STYLE = Manual;
				COMBINE_HIDPI_IMAGES = YES;
				DEVELOPMENT_TEAM = "";
				"DEVELOPMENT_TEAM[sdk=macosx*]" = 242F463YCQ;
				GENERATE_INFOPLIST_FILE = YES;
				INFOPLIST_KEY_CFBundleDisplayName = "OSX Query Editor";
				INFOPLIST_KEY_LSApplicationCategoryType = "public.app-category.developer-tools";
				INFOPLIST_KEY_NSHumanReadableCopyright = "";
				LD_RUNPATH_SEARCH_PATHS = (
					"$(inherited)",
					"@executable_path/../Frameworks",
				);
				MACOSX_DEPLOYMENT_TARGET = 14.0;
				PRODUCT_BUNDLE_IDENTIFIER = com.osx.queryeditor;
				PRODUCT_NAME = OSXQueryEditor;
				PROVISIONING_PROFILE_SPECIFIER = "";
				SDKROOT = macosx;
				SWIFT_VERSION = 6.0;
			};
			name = Release;
		};
		D70AA75D0E188EA611FC7B66 /* Release */ = {
			isa = XCBuildConfiguration;
			buildSettings = {
				ALWAYS_SEARCH_USER_PATHS = NO;
				CLANG_ANALYZER_NONNULL = YES;
				CLANG_ANALYZER_NUMBER_OBJECT_CONVERSION = YES_AGGRESSIVE;
				CLANG_CXX_LANGUAGE_STANDARD = "gnu++14";
				CLANG_CXX_LIBRARY = "libc++";
				CLANG_ENABLE_MODULES = YES;
				CLANG_ENABLE_OBJC_ARC = YES;
				CLANG_ENABLE_OBJC_WEAK = YES;
				CLANG_WARN_BLOCK_CAPTURE_AUTORELEASING = YES;
				CLANG_WARN_BOOL_CONVERSION = YES;
				CLANG_WARN_COMMA = YES;
				CLANG_WARN_CONSTANT_CONVERSION = YES;
				CLANG_WARN_DEPRECATED_OBJC_IMPLEMENTATIONS = YES;
				CLANG_WARN_DIRECT_OBJC_ISA_USAGE = YES_ERROR;
				CLANG_WARN_DOCUMENTATION_COMMENTS = YES;
				CLANG_WARN_EMPTY_BODY = YES;
				CLANG_WARN_ENUM_CONVERSION = YES;
				CLANG_WARN_INFINITE_RECURSION = YES;
				CLANG_WARN_INT_CONVERSION = YES;
				CLANG_WARN_NON_LITERAL_NULL_CONVERSION = YES;
				CLANG_WARN_OBJC_IMPLICIT_RETAIN_SELF = YES;
				CLANG_WARN_OBJC_LITERAL_CONVERSION = YES;
				CLANG_WARN_OBJC_ROOT_CLASS = YES_ERROR;
				CLANG_WARN_QUOTED_INCLUDE_IN_FRAMEWORK_HEADER = YES;
				CLANG_WARN_RANGE_LOOP_ANALYSIS = YES;
				CLANG_WARN_STRICT_PROTOTYPES = YES;
				CLANG_WARN_SUSPICIOUS_MOVE = YES;
				CLANG_WARN_UNGUARDED_AVAILABILITY = YES_AGGRESSIVE;
				CLANG_WARN_UNREACHABLE_CODE = YES;
				CLANG_WARN__DUPLICATE_METHOD_MATCH = YES;
				COPY_PHASE_STRIP = NO;
				DEBUG_INFORMATION_FORMAT = "dwarf-with-dsym";
				ENABLE_NS_ASSERTIONS = NO;
				ENABLE_STRICT_OBJC_MSGSEND = YES;
				GCC_C_LANGUAGE_STANDARD = gnu11;
				GCC_NO_COMMON_BLOCKS = YES;
				GCC_WARN_64_TO_32_BIT_CONVERSION = YES;
				GCC_WARN_ABOUT_RETURN_TYPE = YES_ERROR;
				GCC_WARN_UNDECLARED_SELECTOR = YES;
				GCC_WARN_UNINITIALIZED_AUTOS = YES_AGGRESSIVE;
				GCC_WARN_UNUSED_FUNCTION = YES;
				GCC_WARN_UNUSED_VARIABLE = YES;
				MACOSX_DEPLOYMENT_TARGET = 14.0;
				MTL_ENABLE_DEBUG_INFO = NO;
				MTL_FAST_MATH = YES;
				PRODUCT_NAME = "$(TARGET_NAME)";
				SDKROOT = macosx;
				SWIFT_COMPILATION_MODE = wholemodule;
				SWIFT_OPTIMIZATION_LEVEL = "-O";
				SWIFT_VERSION = 5.0;
			};
			name = Release;
		};
/* End XCBuildConfiguration section */

/* Begin XCConfigurationList section */
		08BA3624F42B9EABA36228B0 /* Build configuration list for PBXProject "OSXQueryEditor" */ = {
			isa = XCConfigurationList;
			buildConfigurations = (
				01A6436FDD24FB89673D753C /* Debug */,
				D70AA75D0E188EA611FC7B66 /* Release */,
			);
			defaultConfigurationIsVisible = 0;
			defaultConfigurationName = Debug;
		};
		13F82AE092EC1178C08EFD4E /* Build configuration list for PBXNativeTarget "OSXQueryEditor" */ = {
			isa = XCConfigurationList;
			buildConfigurations = (
				312240E23907007E68C6E5A2 /* Debug */,
				40ADFD38D2B462867F7D2D44 /* Release */,
			);
			defaultConfigurationIsVisible = 0;
			defaultConfigurationName = Debug;
		};
/* End XCConfigurationList section */

/* Begin XCRemoteSwiftPackageReference section */
		A9C5D2B724F949F56DD34DF9 /* XCRemoteSwiftPackageReference "OSX-Query" */ = {
			isa = XCRemoteSwiftPackageReference;
			repositoryURL = "https://github.com/Moulik-Budhiraja/OSX-Query";
			requirement = {
				branch = main;
				kind = branch;
			};
		};
/* End XCRemoteSwiftPackageReference section */

/* Begin XCSwiftPackageProductDependency section */
		261678F98491B0C0028AE8DB /* AXorcist */ = {
			isa = XCSwiftPackageProductDependency;
			package = A9C5D2B724F949F56DD34DF9 /* XCRemoteSwiftPackageReference "OSX-Query" */;
			productName = AXorcist;
		};
/* End XCSwiftPackageProductDependency section */
	};
	rootObject = DCBDA28658933A9AD1CDE9D9 /* Project object */;
}
