{
  "originHash" : "3a12eb2746d2ef81d091de1527048ab31bfa10229f651669d40e8b728fb12cc3",
  "pins" : [
    {
      "identity" : "commander",
      "kind" : "remoteSourceControl",
      "location" : "https://github.com/steipete/Commander.git",
      "state" : {
        "revision" : "9e349575c8e3c6745e81fe19e5bb5efa01b078ce",
        "version" : "0.2.1"
      }
    },
    {
      "identity" : "osx-query",
      "kind" : "remoteSourceControl",
      "location" : "https://github.com/Moulik-Budhiraja/OSX-Query",
      "state" : {
        "branch" : "main",
        "revision" : "1605b87b2b53831379071eed821d09233c19a925"
      }
    },
    {
      "identity" : "swift-log",
      "kind" : "remoteSourceControl",
      "location" : "https://github.com/apple/swift-log.git",
      "state" : {
        "revision" : "bbd81b6725ae874c69e9b8c8804d462356b55523",
        "version" : "1.10.1"
      }
    }
  ],
  "version" : 3
}
